// !$*UTF8*$!
{
	archiveVersion = 1;
	classes = {
	};
	objectVersion = 46;
	objects = {

		9A9B3209FB015AF875823752 = { isa = PBXBuildFile; fileRef = 599C02E0F420DC380EEFC20C; };
		ABE8EFB3C0F3DCE8FE6A05F6 = { isa = PBXBuildFile; fileRef = 78BCF013B575D6F1873DADB9; };
		37F6514066A69756A0823BB1 = { isa = PBXBuildFile; fileRef = 538BEFDE79D729FB1DEE45BF; };
		CF73B0CBA67F07557DB63C6B = { isa = PBXBuildFile; fileRef = 58936302501FF9BDC57FD2AD; };
		AD176710287BE5EA0093D766 = { isa = PBXBuildFile; fileRef = DAA03FEE55E69B4369AF5CC3; };
		DF735A467BB61C9052B8D3DD = { isa = PBXBuildFile; fileRef = 3D81345CD4A15FEA6CF2140A; };
		10421734874B3C471B8F7504 = { isa = PBXFileReference; lastKnownFileType = sourcecode.c.h; name = SFZRegion.h; path = ../../Source/SFZRegion.h; sourceTree = "SOURCE_ROOT"; };
		36FBECE240FB43B5D8D9134F = { isa = PBXFileReference; lastKnownFileType = sourcecode.c.h; name = JuceHeader.h; path = ../../JuceLibraryCode/JuceHeader.h; sourceTree = "SOURCE_ROOT"; };
		3D81345CD4A15FEA6CF2140A = { isa = PBXFileReference; lastKnownFileType = sourcecode.cpp.cpp; name = SFZeroEditor.cpp; path = ../../Source/SFZeroEditor.cpp; sourceTree = "SOURCE_ROOT"; };
		51C9162DEAB3ABEE3D836083 = { isa = PBXFileReference; lastKnownFileType = sourcecode.c.h; name = SFZeroEditor.h; path = ../../Source/SFZeroEditor.h; sourceTree = "SOURCE_ROOT"; };
		538BEFDE79D729FB1DEE45BF = { isa = PBXFileReference; lastKnownFileType = sourcecode.cpp.cpp; name = SFZRegion.cpp; path = ../../Source/SFZRegion.cpp; sourceTree = "SOURCE_ROOT"; };
		5714153FF0E96F6B906634BC = { isa = PBXFileReference; lastKnownFileType = text.plist.xml; name = Info.plist; path = Info.plist; sourceTree = "SOURCE_ROOT"; };
		58936302501FF9BDC57FD2AD = { isa = PBXFileReference; lastKnownFileType = sourcecode.cpp.cpp; name = ClickableLabel.cpp; path = ../../Source/ClickableLabel.cpp; sourceTree = "SOURCE_ROOT"; };
		599C02E0F420DC380EEFC20C = { isa = PBXFileReference; lastKnownFileType = sourcecode.cpp.cpp; name = SFZReader.cpp; path = ../../Source/SFZReader.cpp; sourceTree = "SOURCE_ROOT"; };
		78BCF013B575D6F1873DADB9 = { isa = PBXFileReference; lastKnownFileType = sourcecode.cpp.cpp; name = SFZSound.cpp; path = ../../Source/SFZSound.cpp; sourceTree = "SOURCE_ROOT"; };
		A3749ED25A7E0B000E2802C7 = { isa = PBXFileReference; lastKnownFileType = sourcecode.c.h; name = SFZReader.h; path = ../../Source/SFZReader.h; sourceTree = "SOURCE_ROOT"; };
		AE5722B8D8272393FC53DF61 = { isa = PBXFileReference; lastKnownFileType = sourcecode.c.h; name = SFZSound.h; path = ../../Source/SFZSound.h; sourceTree = "SOURCE_ROOT"; };
		CEC4595B434C2BEB8D75568A = { isa = PBXFileReference; lastKnownFileType = sourcecode.c.h; name = AppConfig.h; path = ../../JuceLibraryCode/AppConfig.h; sourceTree = "SOURCE_ROOT"; };
		DAA03FEE55E69B4369AF5CC3 = { isa = PBXFileReference; lastKnownFileType = sourcecode.cpp.cpp; name = SFZeroAudioProcessor.cpp; path = ../../Source/SFZeroAudioProcessor.cpp; sourceTree = "SOURCE_ROOT"; };
		EB522CABB2B700AAC2C8B3A0 = { isa = PBXFileReference; lastKnownFileType = sourcecode.c.h; name = ClickableLabel.h; path = ../../Source/ClickableLabel.h; sourceTree = "SOURCE_ROOT"; };
		EF1F927BFC1E03C85A2A572D = { isa = PBXFileReference; lastKnownFileType = sourcecode.c.h; name = SFZeroAudioProcessor.h; path = ../../Source/SFZeroAudioProcessor.h; sourceTree = "SOURCE_ROOT"; };
		F58CF06FA4864E28A5A63E86 = { isa = PBXFileReference; explicitFileType = wrapper.cfbundle; includeInIndex = 0; path = SFZero.component; sourceTree = "BUILT_PRODUCTS_DIR"; };
		51CFBE442A5398A97E360FF2 = { isa = PBXGroup; children = (
				599C02E0F420DC380EEFC20C,
				A3749ED25A7E0B000E2802C7,
				78BCF013B575D6F1873DADB9,
				AE5722B8D8272393FC53DF61,
				538BEFDE79D729FB1DEE45BF,
				10421734874B3C471B8F7504,
				58936302501FF9BDC57FD2AD,
				EB522CABB2B700AAC2C8B3A0,
				DAA03FEE55E69B4369AF5CC3,
				EF1F927BFC1E03C85A2A572D,
				3D81345CD4A15FEA6CF2140A,
				51C9162DEAB3ABEE3D836083 ); name = Source; sourceTree = "<group>"; };
		167B15E00F6620BDA2B3C2EE = { isa = PBXGroup; children = (
				51CFBE442A5398A97E360FF2 ); name = SFZero; sourceTree = "<group>"; };
		9EA192F6DD7941F984CEAF00 = { isa = PBXGroup; children = (
				CEC4595B434C2BEB8D75568A,
				36FBECE240FB43B5D8D9134F ); name = "Juce Library Code"; sourceTree = "<group>"; };
		5E50742EF86F3C426D4A85BC = { isa = PBXGroup; children = (
				5714153FF0E96F6B906634BC ); name = Resources; sourceTree = "<group>"; };
		6FF34B1E1E7B021BE636E5C0 = { isa = PBXGroup; children = (  ); name = Frameworks; sourceTree = "<group>"; };
		FA2D93B22C49D6C1D6C24C42 = { isa = PBXGroup; children = (
				F58CF06FA4864E28A5A63E86 ); name = Products; sourceTree = "<group>"; };
		7885C452312734F4B7DEE86E = { isa = PBXGroup; children = (
				167B15E00F6620BDA2B3C2EE,
				9EA192F6DD7941F984CEAF00,
				5E50742EF86F3C426D4A85BC,
				6FF34B1E1E7B021BE636E5C0,
				FA2D93B22C49D6C1D6C24C42 ); name = Source; sourceTree = "<group>"; };
		71A030BB59CB18A334C6D152 = { isa = XCBuildConfiguration; buildSettings = {
				SRCROOT = "../..";
				HEADER_SEARCH_PATHS = "../../JuceLibraryCode $(inherited)";
				GCC_OPTIMIZATION_LEVEL = 0;
				INFOPLIST_FILE = Info.plist;
				INSTALL_PATH = "$(HOME)/Library/Audio/Plug-Ins/Components/";
				LIBRARY_STYLE = Bundle;
				WRAPPER_EXTENSION = component;
				GENERATE_PKGINFO_FILE = YES;
				OTHER_REZFLAGS = "-d ppc_$ppc -d i386_$i386 -d ppc64_$ppc64 -d x86_64_$x86_64 -I /System/Library/Frameworks/CoreServices.framework/Frameworks/CarbonCore.framework/Versions/A/Headers -I \"$(DEVELOPER_DIR)/Extras/CoreAudio/AudioUnits/AUPublic/AUBase\"";
				MACOSX_DEPLOYMENT_TARGET_ppc = 10.4;
				SDKROOT_ppc = macosx10.5;
				GCC_VERSION = com.apple.compilers.llvm.clang.1_0;
				CLANG_CXX_LANGUAGE_STANDARD = "c++0x";
				OTHER_LDFLAGS = "-bundle";
				ONLY_ACTIVE_ARCH = YES;
				COPY_PHASE_STRIP = NO;
				GCC_DYNAMIC_NO_PIC = NO;
				GCC_PREPROCESSOR_DEFINITIONS = (
				"_DEBUG=1",
				"DEBUG=1",
				"JUCE_ObjCExtraSuffix=yKK8uA",
				"JUCE_USE_OGGVORBIS=1",
				"JUCER_XCODE_MAC_F6D2F4CF=1"); }; name = Debug; };
		85208BAE4C5CA75C76CB776F = { isa = XCBuildConfiguration; buildSettings = {
				SRCROOT = "../..";
				HEADER_SEARCH_PATHS = "../../JuceLibraryCode $(inherited)";
				GCC_OPTIMIZATION_LEVEL = s;
				INFOPLIST_FILE = Info.plist;
				INSTALL_PATH = "$(HOME)/Library/Audio/Plug-Ins/Components/";
				LIBRARY_STYLE = Bundle;
				WRAPPER_EXTENSION = component;
				GENERATE_PKGINFO_FILE = YES;
				OTHER_REZFLAGS = "-d ppc_$ppc -d i386_$i386 -d ppc64_$ppc64 -d x86_64_$x86_64 -I /System/Library/Frameworks/CoreServices.framework/Frameworks/CarbonCore.framework/Versions/A/Headers -I \"$(DEVELOPER_DIR)/Extras/CoreAudio/AudioUnits/AUPublic/AUBase\"";
				MACOSX_DEPLOYMENT_TARGET_ppc = 10.4;
				SDKROOT_ppc = macosx10.5;
				GCC_VERSION = com.apple.compilers.llvm.clang.1_0;
				CLANG_CXX_LANGUAGE_STANDARD = "c++0x";
				OTHER_LDFLAGS = "-bundle";
				GCC_GENERATE_DEBUGGING_SYMBOLS = NO;
				GCC_SYMBOLS_PRIVATE_EXTERN = YES;
				GCC_PREPROCESSOR_DEFINITIONS = (
				"_NDEBUG=1",
				"NDEBUG=1",
				"JUCE_ObjCExtraSuffix=yKK8uA",
				"JUCE_USE_OGGVORBIS=1",
				"JUCER_XCODE_MAC_F6D2F4CF=1"); }; name = Release; };
		E20885090C3A4341CB3688E0 = { isa = XCBuildConfiguration; buildSettings = {
				ALWAYS_SEARCH_USER_PATHS = NO;
				GCC_C_LANGUAGE_STANDARD = c99;
				GCC_WARN_ABOUT_RETURN_TYPE = YES;
				GCC_WARN_CHECK_SWITCH_STATEMENTS = YES;
				GCC_WARN_UNUSED_VARIABLE = YES;
				GCC_WARN_MISSING_PARENTHESES = YES;
				GCC_WARN_NON_VIRTUAL_DESTRUCTOR = YES;
				GCC_WARN_TYPECHECK_CALLS_TO_PRINTF = YES;
				WARNING_CFLAGS = -Wreorder;
				GCC_MODEL_TUNING = G5;
				GCC_INLINES_ARE_PRIVATE_EXTERN = YES;
				ZERO_LINK = NO;
				DEBUG_INFORMATION_FORMAT = "dwarf";
				PRODUCT_NAME = "SFZero"; }; name = Debug; };
		AACD25A5329F1CB5D813AF6B = { isa = XCBuildConfiguration; buildSettings = {
				ALWAYS_SEARCH_USER_PATHS = NO;
				GCC_C_LANGUAGE_STANDARD = c99;
				GCC_WARN_ABOUT_RETURN_TYPE = YES;
				GCC_WARN_CHECK_SWITCH_STATEMENTS = YES;
				GCC_WARN_UNUSED_VARIABLE = YES;
				GCC_WARN_MISSING_PARENTHESES = YES;
				GCC_WARN_NON_VIRTUAL_DESTRUCTOR = YES;
				GCC_WARN_TYPECHECK_CALLS_TO_PRINTF = YES;
				WARNING_CFLAGS = -Wreorder;
				GCC_MODEL_TUNING = G5;
				GCC_INLINES_ARE_PRIVATE_EXTERN = YES;
				ZERO_LINK = NO;
				DEBUG_INFORMATION_FORMAT = "dwarf";
				PRODUCT_NAME = "SFZero"; }; name = Release; };
		F372ACB053691F0E8CDF9D78 = { isa = XCConfigurationList; buildConfigurations = (
				E20885090C3A4341CB3688E0,
				AACD25A5329F1CB5D813AF6B ); defaultConfigurationIsVisible = 0; defaultConfigurationName = Debug; };
		BACAC664E3BEE432CBE75EF0 = { isa = XCConfigurationList; buildConfigurations = (
				71A030BB59CB18A334C6D152,
				85208BAE4C5CA75C76CB776F ); defaultConfigurationIsVisible = 0; defaultConfigurationName = Debug; };
		758584424887DF5BC9CE8C8C = { isa = PBXResourcesBuildPhase; buildActionMask = 2147483647; files = (  ); runOnlyForDeploymentPostprocessing = 0; };
		C89C1B1F28A8A1079FC8B9BD = { isa = PBXSourcesBuildPhase; buildActionMask = 2147483647; files = (
				9A9B3209FB015AF875823752,
				ABE8EFB3C0F3DCE8FE6A05F6,
				37F6514066A69756A0823BB1,
				CF73B0CBA67F07557DB63C6B,
				AD176710287BE5EA0093D766,
				DF735A467BB61C9052B8D3DD ); runOnlyForDeploymentPostprocessing = 0; };
		9FBBC6923BCC5A1DB72C08A2 = { isa = PBXFrameworksBuildPhase; buildActionMask = 2147483647; files = (  ); runOnlyForDeploymentPostprocessing = 0; };
		1B0061E145E98C6CD715E6ED = { isa = PBXShellScriptBuildPhase; buildActionMask = 2147483647; files = (  ); runOnlyForDeploymentPostprocessing = 0; name = "Copy to the different plugin folders"; shellPath = /bin/sh; shellScript = "\n# This script takes the build product and copies it to the AU, VST, and RTAS folders, depending on \n# which plugin types you've built\n\noriginal=$CONFIGURATION_BUILD_DIR/$FULL_PRODUCT_NAME\n\n# this looks inside the binary to detect which platforms are needed.. \ncopyAU=`nm -g \"$CONFIGURATION_BUILD_DIR/$EXECUTABLE_PATH\" | grep -i 'AudioUnit' | wc -l`\ncopyVST=`nm -g \"$CONFIGURATION_BUILD_DIR/$EXECUTABLE_PATH\" | grep -i 'VSTPlugin' | wc -l`\ncopyRTAS=`nm -g \"$CONFIGURATION_BUILD_DIR/$EXECUTABLE_PATH\" | grep -i 'CProcess' | wc -l`\n\nif [ $copyAU -gt 0 ]; then\n  echo \"Copying to AudioUnit folder...\"\n  AU=~/Library/Audio/Plug-Ins/Components/$PRODUCT_NAME.component\n  if [ -d \"$AU\" ]; then \n    rm -r \"$AU\"\n  fi\n\n  cp -r \"$original\" \"$AU\"\n  sed -i \"\" -e 's/TDMwPTul/BNDLPTul/g' \"$AU/Contents/PkgInfo\"\n  sed -i \"\" -e 's/TDMw/BNDL/g' \"$AU/Contents/$INFOPLIST_FILE\"\nfi\n\nif [ $copyVST -gt 0 ]; then\n  echo \"Copying to VST folder...\"\n  VST=~/Library/Audio/Plug-Ins/VST/$PRODUCT_NAME.vst\n  if [ -d \"$VST\" ]; then \n    rm -r \"$VST\"\n  fi\n\n  cp -r \"$original\" \"$VST\"\n  sed -i \"\" -e 's/TDMwPTul/BNDLPTul/g' \"$VST/Contents/PkgInfo\"\n  sed -i \"\" -e 's/TDMw/BNDL/g' \"$VST/Contents/$INFOPLIST_FILE\"\nfi\n\nif [ $copyRTAS -gt 0 ]; then\n  echo \"Copying to RTAS folder...\"\n  RTAS=/Library/Application\\ Support/Digidesign/Plug-Ins/$PRODUCT_NAME.dpm\n  if [ -d \"$RTAS\" ]; then\n    rm -r \"$RTAS\"\n  fi\n\n  cp -r \"$original\" \"$RTAS\"\nfi\n"; };
		68D3E077E89ACC1C0C54C628 = { isa = PBXNativeTarget; buildConfigurationList = BACAC664E3BEE432CBE75EF0; buildPhases = (
				758584424887DF5BC9CE8C8C,
				C89C1B1F28A8A1079FC8B9BD,
				9FBBC6923BCC5A1DB72C08A2,
				1B0061E145E98C6CD715E6ED ); buildRules = ( ); dependencies = ( ); name = SFZero; productName = SFZero; productReference = F58CF06FA4864E28A5A63E86; productInstallPath = "$(HOME)/Library/Audio/Plug-Ins/Components/"; productType = "com.apple.product-type.bundle"; };
		C8114EEBD8189E8B0DE075C8 = { isa = PBXProject; buildConfigurationList = F372ACB053691F0E8CDF9D78; compatibilityVersion = "Xcode 3.2"; hasScannedForEncodings = 0; mainGroup = 7885C452312734F4B7DEE86E; projectDirPath = ""; projectRoot = ""; targets = ( 68D3E077E89ACC1C0C54C628 ); };
	};
	rootObject = C8114EEBD8189E8B0DE075C8;
}
